// !$*UTF8*$!
{
	archiveVersion = 1;
	classes = {
	};
	objectVersion = 56;
	objects = {

/* Begin PBXBuildFile section */
		C11DDC432A4BBF14005E7288 /* AppDelegate.swift in Sources */ = {isa = PBXBuildFile; fileRef = C11DDC422A4BBF14005E7288 /* AppDelegate.swift */; };
		C11DDC452A4BBF14005E7288 /* SceneDelegate.swift in Sources */ = {isa = PBXBuildFile; fileRef = C11DDC442A4BBF14005E7288 /* SceneDelegate.swift */; };
		C11DDC472A4BBF14005E7288 /* ViewController.swift in Sources */ = {isa = PBXBuildFile; fileRef = C11DDC462A4BBF14005E7288 /* ViewController.swift */; };
		C11DDC4A2A4BBF14005E7288 /* Main.storyboard in Resources */ = {isa = PBXBuildFile; fileRef = C11DDC482A4BBF14005E7288 /* Main.storyboard */; };
		C11DDC4D2A4BBF14005E7288 /* TodoApp_CoreData.xcdatamodeld in Sources */ = {isa = PBXBuildFile; fileRef = C11DDC4B2A4BBF14005E7288 /* TodoApp_CoreData.xcdatamodeld */; };
		C11DDC4F2A4BBF16005E7288 /* Assets.xcassets in Resources */ = {isa = PBXBuildFile; fileRef = C11DDC4E2A4BBF16005E7288 /* Assets.xcassets */; };
		C11DDC522A4BBF16005E7288 /* LaunchScreen.storyboard in Resources */ = {isa = PBXBuildFile; fileRef = C11DDC502A4BBF16005E7288 /* LaunchScreen.storyboard */; };
		C11DDC5D2A4BBF16005E7288 /* TodoApp_CoreDataTests.swift in Sources */ = {isa = PBXBuildFile; fileRef = C11DDC5C2A4BBF16005E7288 /* TodoApp_CoreDataTests.swift */; };
		C11DDC672A4BBF17005E7288 /* TodoApp_CoreDataUITests.swift in Sources */ = {isa = PBXBuildFile; fileRef = C11DDC662A4BBF17005E7288 /* TodoApp_CoreDataUITests.swift */; };
		C11DDC692A4BBF17005E7288 /* TodoApp_CoreDataUITestsLaunchTests.swift in Sources */ = {isa = PBXBuildFile; fileRef = C11DDC682A4BBF17005E7288 /* TodoApp_CoreDataUITestsLaunchTests.swift */; };
		C11DDC772A4BD6F4005E7288 /* TodoCell.swift in Sources */ = {isa = PBXBuildFile; fileRef = C11DDC752A4BD6F4005E7288 /* TodoCell.swift */; };
		C11DDC782A4BD6F4005E7288 /* TodoCell.xib in Resources */ = {isa = PBXBuildFile; fileRef = C11DDC762A4BD6F4005E7288 /* TodoCell.xib */; };
		C11DDC7B2A4BDE05005E7288 /* DetailTodoViewController.swift in Sources */ = {isa = PBXBuildFile; fileRef = C11DDC792A4BDE05005E7288 /* DetailTodoViewController.swift */; };
		C11DDC7C2A4BDE05005E7288 /* DetailTodoViewController.xib in Resources */ = {isa = PBXBuildFile; fileRef = C11DDC7A2A4BDE05005E7288 /* DetailTodoViewController.xib */; };
		C1C7209A2A53AAF600832CC2 /* CoreDataManager.swift in Sources */ = {isa = PBXBuildFile; fileRef = C1C720992A53AAF600832CC2 /* CoreDataManager.swift */; };
/* End PBXBuildFile section */

/* Begin PBXContainerItemProxy section */
		C11DDC592A4BBF16005E7288 /* PBXContainerItemProxy */ = {
			isa = PBXContainerItemProxy;
			containerPortal = C11DDC372A4BBF14005E7288 /* Project object */;
			proxyType = 1;
			remoteGlobalIDString = C11DDC3E2A4BBF14005E7288;
			remoteInfo = TodoApp_CoreData;
		};
		C11DDC632A4BBF16005E7288 /* PBXContainerItemProxy */ = {
			isa = PBXContainerItemProxy;
			containerPortal = C11DDC372A4BBF14005E7288 /* Project object */;
			proxyType = 1;
			remoteGlobalIDString = C11DDC3E2A4BBF14005E7288;
			remoteInfo = TodoApp_CoreData;
		};
/* End PBXContainerItemProxy section */

/* Begin PBXFileReference section */
		C11DDC3F2A4BBF14005E7288 /* TodoApp_CoreData.app */ = {isa = PBXFileReference; explicitFileType = wrapper.application; includeInIndex = 0; path = TodoApp_CoreData.app; sourceTree = BUILT_PRODUCTS_DIR; };
		C11DDC422A4BBF14005E7288 /* AppDelegate.swift */ = {isa = PBXFileReference; lastKnownFileType = sourcecode.swift; path = AppDelegate.swift; sourceTree = "<group>"; };
		C11DDC442A4BBF14005E7288 /* SceneDelegate.swift */ = {isa = PBXFileReference; lastKnownFileType = sourcecode.swift; path = SceneDelegate.swift; sourceTree = "<group>"; };
		C11DDC462A4BBF14005E7288 /* ViewController.swift */ = {isa = PBXFileReference; lastKnownFileType = sourcecode.swift; path = ViewController.swift; sourceTree = "<group>"; };
		C11DDC492A4BBF14005E7288 /* Base */ = {isa = PBXFileReference; lastKnownFileType = file.storyboard; name = Base; path = Base.lproj/Main.storyboard; sourceTree = "<group>"; };
		C11DDC4C2A4BBF14005E7288 /* TodoApp_CoreData.xcdatamodel */ = {isa = PBXFileReference; lastKnownFileType = wrapper.xcdatamodel; path = TodoApp_CoreData.xcdatamodel; sourceTree = "<group>"; };
		C11DDC4E2A4BBF16005E7288 /* Assets.xcassets */ = {isa = PBXFileReference; lastKnownFileType = folder.assetcatalog; path = Assets.xcassets; sourceTree = "<group>"; };
		C11DDC512A4BBF16005E7288 /* Base */ = {isa = PBXFileReference; lastKnownFileType = file.storyboard; name = Base; path = Base.lproj/LaunchScreen.storyboard; sourceTree = "<group>"; };
		C11DDC532A4BBF16005E7288 /* Info.plist */ = {isa = PBXFileReference; lastKnownFileType = text.plist.xml; path = Info.plist; sourceTree = "<group>"; };
		C11DDC582A4BBF16005E7288 /* TodoApp_CoreDataTests.xctest */ = {isa = PBXFileReference; explicitFileType = wrapper.cfbundle; includeInIndex = 0; path = TodoApp_CoreDataTests.xctest; sourceTree = BUILT_PRODUCTS_DIR; };
		C11DDC5C2A4BBF16005E7288 /* TodoApp_CoreDataTests.swift */ = {isa = PBXFileReference; lastKnownFileType = sourcecode.swift; path = TodoApp_CoreDataTests.swift; sourceTree = "<group>"; };
		C11DDC622A4BBF16005E7288 /* TodoApp_CoreDataUITests.xctest */ = {isa = PBXFileReference; explicitFileType = wrapper.cfbundle; includeInIndex = 0; path = TodoApp_CoreDataUITests.xctest; sourceTree = BUILT_PRODUCTS_DIR; };
		C11DDC662A4BBF17005E7288 /* TodoApp_CoreDataUITests.swift */ = {isa = PBXFileReference; lastKnownFileType = sourcecode.swift; path = TodoApp_CoreDataUITests.swift; sourceTree = "<group>"; };
		C11DDC682A4BBF17005E7288 /* TodoApp_CoreDataUITestsLaunchTests.swift */ = {isa = PBXFileReference; lastKnownFileType = sourcecode.swift; path = TodoApp_CoreDataUITestsLaunchTests.swift; sourceTree = "<group>"; };
		C11DDC752A4BD6F4005E7288 /* TodoCell.swift */ = {isa = PBXFileReference; lastKnownFileType = sourcecode.swift; path = TodoCell.swift; sourceTree = "<group>"; };
		C11DDC762A4BD6F4005E7288 /* TodoCell.xib */ = {isa = PBXFileReference; lastKnownFileType = file.xib; path = TodoCell.xib; sourceTree = "<group>"; };
		C11DDC792A4BDE05005E7288 /* DetailTodoViewController.swift */ = {isa = PBXFileReference; lastKnownFileType = sourcecode.swift; path = DetailTodoViewController.swift; sourceTree = "<group>"; };
		C11DDC7A2A4BDE05005E7288 /* DetailTodoViewController.xib */ = {isa = PBXFileReference; lastKnownFileType = file.xib; path = DetailTodoViewController.xib; sourceTree = "<group>"; };
		C1C720992A53AAF600832CC2 /* CoreDataManager.swift */ = {isa = PBXFileReference; lastKnownFileType = sourcecode.swift; path = CoreDataManager.swift; sourceTree = "<group>"; };
/* End PBXFileReference section */

/* Begin PBXFrameworksBuildPhase section */
		C11DDC3C2A4BBF14005E7288 /* Frameworks */ = {
			isa = PBXFrameworksBuildPhase;
			buildActionMask = 2147483647;
			files = (
			);
			runOnlyForDeploymentPostprocessing = 0;
		};
		C11DDC552A4BBF16005E7288 /* Frameworks */ = {
			isa = PBXFrameworksBuildPhase;
			buildActionMask = 2147483647;
			files = (
			);
			runOnlyForDeploymentPostprocessing = 0;
		};
		C11DDC5F2A4BBF16005E7288 /* Frameworks */ = {
			isa = PBXFrameworksBuildPhase;
			buildActionMask = 2147483647;
			files = (
			);
			runOnlyForDeploymentPostprocessing = 0;
		};
/* End PBXFrameworksBuildPhase section */

/* Begin PBXGroup section */
		C11DDC362A4BBF14005E7288 = {
			isa = PBXGroup;
			children = (
				C11DDC412A4BBF14005E7288 /* TodoApp_CoreData */,
				C11DDC5B2A4BBF16005E7288 /* TodoApp_CoreDataTests */,
				C11DDC652A4BBF17005E7288 /* TodoApp_CoreDataUITests */,
				C11DDC402A4BBF14005E7288 /* Products */,
			);
			sourceTree = "<group>";
		};
		C11DDC402A4BBF14005E7288 /* Products */ = {
			isa = PBXGroup;
			children = (
				C11DDC3F2A4BBF14005E7288 /* TodoApp_CoreData.app */,
				C11DDC582A4BBF16005E7288 /* TodoApp_CoreDataTests.xctest */,
				C11DDC622A4BBF16005E7288 /* TodoApp_CoreDataUITests.xctest */,
			);
			name = Products;
			sourceTree = "<group>";
		};
		C11DDC412A4BBF14005E7288 /* TodoApp_CoreData */ = {
			isa = PBXGroup;
			children = (
				C11DDC422A4BBF14005E7288 /* AppDelegate.swift */,
				C1C720992A53AAF600832CC2 /* CoreDataManager.swift */,
				C11DDC442A4BBF14005E7288 /* SceneDelegate.swift */,
				C11DDC462A4BBF14005E7288 /* ViewController.swift */,
				C11DDC792A4BDE05005E7288 /* DetailTodoViewController.swift */,
				C11DDC7A2A4BDE05005E7288 /* DetailTodoViewController.xib */,
				C11DDC752A4BD6F4005E7288 /* TodoCell.swift */,
				C11DDC762A4BD6F4005E7288 /* TodoCell.xib */,
				C11DDC482A4BBF14005E7288 /* Main.storyboard */,
				C11DDC4E2A4BBF16005E7288 /* Assets.xcassets */,
				C11DDC502A4BBF16005E7288 /* LaunchScreen.storyboard */,
				C11DDC532A4BBF16005E7288 /* Info.plist */,
				C11DDC4B2A4BBF14005E7288 /* TodoApp_CoreData.xcdatamodeld */,
			);
			path = TodoApp_CoreData;
			sourceTree = "<group>";
		};
		C11DDC5B2A4BBF16005E7288 /* TodoApp_CoreDataTests */ = {
			isa = PBXGroup;
			children = (
				C11DDC5C2A4BBF16005E7288 /* TodoApp_CoreDataTests.swift */,
			);
			path = TodoApp_CoreDataTests;
			sourceTree = "<group>";
		};
		C11DDC652A4BBF17005E7288 /* TodoApp_CoreDataUITests */ = {
			isa = PBXGroup;
			children = (
				C11DDC662A4BBF17005E7288 /* TodoApp_CoreDataUITests.swift */,
				C11DDC682A4BBF17005E7288 /* TodoApp_CoreDataUITestsLaunchTests.swift */,
			);
			path = TodoApp_CoreDataUITests;
			sourceTree = "<group>";
		};
/* End PBXGroup section */

/* Begin PBXNativeTarget section */
		C11DDC3E2A4BBF14005E7288 /* TodoApp_CoreData */ = {
			isa = PBXNativeTarget;
			buildConfigurationList = C11DDC6C2A4BBF17005E7288 /* Build configuration list for PBXNativeTarget "TodoApp_CoreData" */;
			buildPhases = (
				C11DDC3B2A4BBF14005E7288 /* Sources */,
				C11DDC3C2A4BBF14005E7288 /* Frameworks */,
				C11DDC3D2A4BBF14005E7288 /* Resources */,
			);
			buildRules = (
			);
			dependencies = (
			);
			name = TodoApp_CoreData;
			productName = TodoApp_CoreData;
			productReference = C11DDC3F2A4BBF14005E7288 /* TodoApp_CoreData.app */;
			productType = "com.apple.product-type.application";
		};
		C11DDC572A4BBF16005E7288 /* TodoApp_CoreDataTests */ = {
			isa = PBXNativeTarget;
			buildConfigurationList = C11DDC6F2A4BBF17005E7288 /* Build configuration list for PBXNativeTarget "TodoApp_CoreDataTests" */;
			buildPhases = (
				C11DDC542A4BBF16005E7288 /* Sources */,
				C11DDC552A4BBF16005E7288 /* Frameworks */,
				C11DDC562A4BBF16005E7288 /* Resources */,
			);
			buildRules = (
			);
			dependencies = (
				C11DDC5A2A4BBF16005E7288 /* PBXTargetDependency */,
			);
			name = TodoApp_CoreDataTests;
			productName = TodoApp_CoreDataTests;
			productReference = C11DDC582A4BBF16005E7288 /* TodoApp_CoreDataTests.xctest */;
			productType = "com.apple.product-type.bundle.unit-test";
		};
		C11DDC612A4BBF16005E7288 /* TodoApp_CoreDataUITests */ = {
			isa = PBXNativeTarget;
			buildConfigurationList = C11DDC722A4BBF17005E7288 /* Build configuration list for PBXNativeTarget "TodoApp_CoreDataUITests" */;
			buildPhases = (
				C11DDC5E2A4BBF16005E7288 /* Sources */,
				C11DDC5F2A4BBF16005E7288 /* Frameworks */,
				C11DDC602A4BBF16005E7288 /* Resources */,
			);
			buildRules = (
			);
			dependencies = (
				C11DDC642A4BBF16005E7288 /* PBXTargetDependency */,
			);
			name = TodoApp_CoreDataUITests;
			productName = TodoApp_CoreDataUITests;
			productReference = C11DDC622A4BBF16005E7288 /* TodoApp_CoreDataUITests.xctest */;
			productType = "com.apple.product-type.bundle.ui-testing";
		};
/* End PBXNativeTarget section */

/* Begin PBXProject section */
		C11DDC372A4BBF14005E7288 /* Project object */ = {
			isa = PBXProject;
			attributes = {
				BuildIndependentTargetsInParallel = 1;
				LastSwiftUpdateCheck = 1430;
				LastUpgradeCheck = 1430;
				TargetAttributes = {
					C11DDC3E2A4BBF14005E7288 = {
						CreatedOnToolsVersion = 14.3;
					};
					C11DDC572A4BBF16005E7288 = {
						CreatedOnToolsVersion = 14.3;
						TestTargetID = C11DDC3E2A4BBF14005E7288;
					};
					C11DDC612A4BBF16005E7288 = {
						CreatedOnToolsVersion = 14.3;
						TestTargetID = C11DDC3E2A4BBF14005E7288;
					};
				};
			};
			buildConfigurationList = C11DDC3A2A4BBF14005E7288 /* Build configuration list for PBXProject "TodoApp_CoreData" */;
			compatibilityVersion = "Xcode 14.0";
			developmentRegion = en;
			hasScannedForEncodings = 0;
			knownRegions = (
				en,
				Base,
			);
			mainGroup = C11DDC362A4BBF14005E7288;
			productRefGroup = C11DDC402A4BBF14005E7288 /* Products */;
			projectDirPath = "";
			projectRoot = "";
			targets = (
				C11DDC3E2A4BBF14005E7288 /* TodoApp_CoreData */,
				C11DDC572A4BBF16005E7288 /* TodoApp_CoreDataTests */,
				C11DDC612A4BBF16005E7288 /* TodoApp_CoreDataUITests */,
			);
		};
/* End PBXProject section */

/* Begin PBXResourcesBuildPhase section */
		C11DDC3D2A4BBF14005E7288 /* Resources */ = {
			isa = PBXResourcesBuildPhase;
			buildActionMask = 2147483647;
			files = (
				C11DDC522A4BBF16005E7288 /* LaunchScreen.storyboard in Resources */,
				C11DDC4F2A4BBF16005E7288 /* Assets.xcassets in Resources */,
				C11DDC4A2A4BBF14005E7288 /* Main.storyboard in Resources */,
				C11DDC782A4BD6F4005E7288 /* TodoCell.xib in Resources */,
				C11DDC7C2A4BDE05005E7288 /* DetailTodoViewController.xib in Resources */,
			);
			runOnlyForDeploymentPostprocessing = 0;
		};
		C11DDC562A4BBF16005E7288 /* Resources */ = {
			isa = PBXResourcesBuildPhase;
			buildActionMask = 2147483647;
			files = (
			);
			runOnlyForDeploymentPostprocessing = 0;
		};
		C11DDC602A4BBF16005E7288 /* Resources */ = {
			isa = PBXResourcesBuildPhase;
			buildActionMask = 2147483647;
			files = (
			);
			runOnlyForDeploymentPostprocessing = 0;
		};
/* End PBXResourcesBuildPhase section */

/* Begin PBXSourcesBuildPhase section */
		C11DDC3B2A4BBF14005E7288 /* Sources */ = {
			isa = PBXSourcesBuildPhase;
			buildActionMask = 2147483647;
			files = (
				C11DDC472A4BBF14005E7288 /* ViewController.swift in Sources */,
				C11DDC432A4BBF14005E7288 /* AppDelegate.swift in Sources */,
				C11DDC4D2A4BBF14005E7288 /* TodoApp_CoreData.xcdatamodeld in Sources */,
				C11DDC772A4BD6F4005E7288 /* TodoCell.swift in Sources */,
				C11DDC452A4BBF14005E7288 /* SceneDelegate.swift in Sources */,
				C1C7209A2A53AAF600832CC2 /* CoreDataManager.swift in Sources */,
				C11DDC7B2A4BDE05005E7288 /* DetailTodoViewController.swift in Sources */,
			);
			runOnlyForDeploymentPostprocessing = 0;
		};
		C11DDC542A4BBF16005E7288 /* Sources */ = {
			isa = PBXSourcesBuildPhase;
			buildActionMask = 2147483647;
			files = (
				C11DDC5D2A4BBF16005E7288 /* TodoApp_CoreDataTests.swift in Sources */,
			);
			runOnlyForDeploymentPostprocessing = 0;
		};
		C11DDC5E2A4BBF16005E7288 /* Sources */ = {
			isa = PBXSourcesBuildPhase;
			buildActionMask = 2147483647;
			files = (
				C11DDC672A4BBF17005E7288 /* TodoApp_CoreDataUITests.swift in Sources */,
				C11DDC692A4BBF17005E7288 /* TodoApp_CoreDataUITestsLaunchTests.swift in Sources */,
			);
			runOnlyForDeploymentPostprocessing = 0;
		};
/* End PBXSourcesBuildPhase section */

/* Begin PBXTargetDependency section */
		C11DDC5A2A4BBF16005E7288 /* PBXTargetDependency */ = {
			isa = PBXTargetDependency;
			target = C11DDC3E2A4BBF14005E7288 /* TodoApp_CoreData */;
			targetProxy = C11DDC592A4BBF16005E7288 /* PBXContainerItemProxy */;
		};
		C11DDC642A4BBF16005E7288 /* PBXTargetDependency */ = {
			isa = PBXTargetDependency;
			target = C11DDC3E2A4BBF14005E7288 /* TodoApp_CoreData */;
			targetProxy = C11DDC632A4BBF16005E7288 /* PBXContainerItemProxy */;
		};
/* End PBXTargetDependency section */

/* Begin PBXVariantGroup section */
		C11DDC482A4BBF14005E7288 /* Main.storyboard */ = {
			isa = PBXVariantGroup;
			children = (
				C11DDC492A4BBF14005E7288 /* Base */,
			);
			name = Main.storyboard;
			sourceTree = "<group>";
		};
		C11DDC502A4BBF16005E7288 /* LaunchScreen.storyboard */ = {
			isa = PBXVariantGroup;
			children = (
				C11DDC512A4BBF16005E7288 /* Base */,
			);
			name = LaunchScreen.storyboard;
			sourceTree = "<group>";
		};
/* End PBXVariantGroup section */

/* Begin XCBuildConfiguration section */
		C11DDC6A2A4BBF17005E7288 /* Debug */ = {
			isa = XCBuildConfiguration;
			buildSettings = {
				ALWAYS_SEARCH_USER_PATHS = NO;
				CLANG_ANALYZER_NONNULL = YES;
				CLANG_ANALYZER_NUMBER_OBJECT_CONVERSION = YES_AGGRESSIVE;
				CLANG_CXX_LANGUAGE_STANDARD = "gnu++20";
				CLANG_ENABLE_MODULES = YES;
				CLANG_ENABLE_OBJC_ARC = YES;
				CLANG_ENABLE_OBJC_WEAK = YES;
				CLANG_WARN_BLOCK_CAPTURE_AUTORELEASING = YES;
				CLANG_WARN_BOOL_CONVERSION = YES;
				CLANG_WARN_COMMA = YES;
				CLANG_WARN_CONSTANT_CONVERSION = YES;
				CLANG_WARN_DEPRECATED_OBJC_IMPLEMENTATIONS = YES;
				CLANG_WARN_DIRECT_OBJC_ISA_USAGE = YES_ERROR;
				CLANG_WARN_DOCUMENTATION_COMMENTS = YES;
				CLANG_WARN_EMPTY_BODY = YES;
				CLANG_WARN_ENUM_CONVERSION = YES;
				CLANG_WARN_INFINITE_RECURSION = YES;
				CLANG_WARN_INT_CONVERSION = YES;
				CLANG_WARN_NON_LITERAL_NULL_CONVERSION = YES;
				CLANG_WARN_OBJC_IMPLICIT_RETAIN_SELF = YES;
				CLANG_WARN_OBJC_LITERAL_CONVERSION = YES;
				CLANG_WARN_OBJC_ROOT_CLASS = YES_ERROR;
				CLANG_WARN_QUOTED_INCLUDE_IN_FRAMEWORK_HEADER = YES;
				CLANG_WARN_RANGE_LOOP_ANALYSIS = YES;
				CLANG_WARN_STRICT_PROTOTYPES = YES;
				CLANG_WARN_SUSPICIOUS_MOVE = YES;
				CLANG_WARN_UNGUARDED_AVAILABILITY = YES_AGGRESSIVE;
				CLANG_WARN_UNREACHABLE_CODE = YES;
				CLANG_WARN__DUPLICATE_METHOD_MATCH = YES;
				COPY_PHASE_STRIP = NO;
				DEBUG_INFORMATION_FORMAT = dwarf;
				ENABLE_STRICT_OBJC_MSGSEND = YES;
				ENABLE_TESTABILITY = YES;
				GCC_C_LANGUAGE_STANDARD = gnu11;
				GCC_DYNAMIC_NO_PIC = NO;
				GCC_NO_COMMON_BLOCKS = YES;
				GCC_OPTIMIZATION_LEVEL = 0;
				GCC_PREPROCESSOR_DEFINITIONS = (
					"DEBUG=1",
					"$(inherited)",
				);
				GCC_WARN_64_TO_32_BIT_CONVERSION = YES;
				GCC_WARN_ABOUT_RETURN_TYPE = YES_ERROR;
				GCC_WARN_UNDECLARED_SELECTOR = YES;
				GCC_WARN_UNINITIALIZED_AUTOS = YES_AGGRESSIVE;
				GCC_WARN_UNUSED_FUNCTION = YES;
				GCC_WARN_UNUSED_VARIABLE = YES;
				IPHONEOS_DEPLOYMENT_TARGET = 16.4;
				MTL_ENABLE_DEBUG_INFO = INCLUDE_SOURCE;
				MTL_FAST_MATH = YES;
				ONLY_ACTIVE_ARCH = YES;
				SDKROOT = iphoneos;
				SWIFT_ACTIVE_COMPILATION_CONDITIONS = DEBUG;
				SWIFT_OPTIMIZATION_LEVEL = "-Onone";
			};
			name = Debug;
		};
		C11DDC6B2A4BBF17005E7288 /* Release */ = {
			isa = XCBuildConfiguration;
			buildSettings = {
				ALWAYS_SEARCH_USER_PATHS = NO;
				CLANG_ANALYZER_NONNULL = YES;
				CLANG_ANALYZER_NUMBER_OBJECT_CONVERSION = YES_AGGRESSIVE;
				CLANG_CXX_LANGUAGE_STANDARD = "gnu++20";
				CLANG_ENABLE_MODULES = YES;
				CLANG_ENABLE_OBJC_ARC = YES;
				CLANG_ENABLE_OBJC_WEAK = YES;
				CLANG_WARN_BLOCK_CAPTURE_AUTORELEASING = YES;
				CLANG_WARN_BOOL_CONVERSION = YES;
				CLANG_WARN_COMMA = YES;
				CLANG_WARN_CONSTANT_CONVERSION = YES;
				CLANG_WARN_DEPRECATED_OBJC_IMPLEMENTATIONS = YES;
				CLANG_WARN_DIRECT_OBJC_ISA_USAGE = YES_ERROR;
				CLANG_WARN_DOCUMENTATION_COMMENTS = YES;
				CLANG_WARN_EMPTY_BODY = YES;
				CLANG_WARN_ENUM_CONVERSION = YES;
				CLANG_WARN_INFINITE_RECURSION = YES;
				CLANG_WARN_INT_CONVERSION = YES;
				CLANG_WARN_NON_LITERAL_NULL_CONVERSION = YES;
				CLANG_WARN_OBJC_IMPLICIT_RETAIN_SELF = YES;
				CLANG_WARN_OBJC_LITERAL_CONVERSION = YES;
				CLANG_WARN_OBJC_ROOT_CLASS = YES_ERROR;
				CLANG_WARN_QUOTED_INCLUDE_IN_FRAMEWORK_HEADER = YES;
				CLANG_WARN_RANGE_LOOP_ANALYSIS = YES;
				CLANG_WARN_STRICT_PROTOTYPES = YES;
				CLANG_WARN_SUSPICIOUS_MOVE = YES;
				CLANG_WARN_UNGUARDED_AVAILABILITY = YES_AGGRESSIVE;
				CLANG_WARN_UNREACHABLE_CODE = YES;
				CLANG_WARN__DUPLICATE_METHOD_MATCH = YES;
				COPY_PHASE_STRIP = NO;
				DEBUG_INFORMATION_FORMAT = "dwarf-with-dsym";
				ENABLE_NS_ASSERTIONS = NO;
				ENABLE_STRICT_OBJC_MSGSEND = YES;
				GCC_C_LANGUAGE_STANDARD = gnu11;
				GCC_NO_COMMON_BLOCKS = YES;
				GCC_WARN_64_TO_32_BIT_CONVERSION = YES;
				GCC_WARN_ABOUT_RETURN_TYPE = YES_ERROR;
				GCC_WARN_UNDECLARED_SELECTOR = YES;
				GCC_WARN_UNINITIALIZED_AUTOS = YES_AGGRESSIVE;
				GCC_WARN_UNUSED_FUNCTION = YES;
				GCC_WARN_UNUSED_VARIABLE = YES;
				IPHONEOS_DEPLOYMENT_TARGET = 16.4;
				MTL_ENABLE_DEBUG_INFO = NO;
				MTL_FAST_MATH = YES;
				SDKROOT = iphoneos;
				SWIFT_COMPILATION_MODE = wholemodule;
				SWIFT_OPTIMIZATION_LEVEL = "-O";
				VALIDATE_PRODUCT = YES;
			};
			name = Release;
		};
		C11DDC6D2A4BBF17005E7288 /* Debug */ = {
			isa = XCBuildConfiguration;
			buildSettings = {
				ASSETCATALOG_COMPILER_APPICON_NAME = AppIcon;
				ASSETCATALOG_COMPILER_GLOBAL_ACCENT_COLOR_NAME = AccentColor;
				CODE_SIGN_STYLE = Automatic;
				CURRENT_PROJECT_VERSION = 1;
				DEVELOPMENT_TEAM = T92LV6HV88;
				GENERATE_INFOPLIST_FILE = YES;
				INFOPLIST_FILE = TodoApp_CoreData/Info.plist;
				INFOPLIST_KEY_UIApplicationSupportsIndirectInputEvents = YES;
				INFOPLIST_KEY_UILaunchStoryboardName = LaunchScreen;
				INFOPLIST_KEY_UIMainStoryboardFile = Main;
				INFOPLIST_KEY_UISupportedInterfaceOrientations_iPad = "UIInterfaceOrientationPortrait UIInterfaceOrientationPortraitUpsideDown UIInterfaceOrientationLandscapeLeft UIInterfaceOrientationLandscapeRight";
				INFOPLIST_KEY_UISupportedInterfaceOrientations_iPhone = "UIInterfaceOrientationPortrait UIInterfaceOrientationLandscapeLeft UIInterfaceOrientationLandscapeRight";
				LD_RUNPATH_SEARCH_PATHS = (
					"$(inherited)",
					"@executable_path/Frameworks",
				);
				MARKETING_VERSION = 1.0;
				PRODUCT_BUNDLE_IDENTIFIER = "mugit.TodoApp-CoreData";
				PRODUCT_NAME = "$(TARGET_NAME)";
				SWIFT_EMIT_LOC_STRINGS = YES;
				SWIFT_VERSION = 5.0;
				TARGETED_DEVICE_FAMILY = "1,2";
			};
			name = Debug;
		};
		C11DDC6E2A4BBF17005E7288 /* Release */ = {
			isa = XCBuildConfiguration;
			buildSettings = {
				ASSETCATALOG_COMPILER_APPICON_NAME = AppIcon;
				ASSETCATALOG_COMPILER_GLOBAL_ACCENT_COLOR_NAME = AccentColor;
				CODE_SIGN_STYLE = Automatic;
				CURRENT_PROJECT_VERSION = 1;
				DEVELOPMENT_TEAM = T92LV6HV88;
				GENERATE_INFOPLIST_FILE = YES;
				INFOPLIST_FILE = TodoApp_CoreData/Info.plist;
				INFOPLIST_KEY_UIApplicationSupportsIndirectInputEvents = YES;
				INFOPLIST_KEY_UILaunchStoryboardName = LaunchScreen;
				INFOPLIST_KEY_UIMainStoryboardFile = Main;
				INFOPLIST_KEY_UISupportedInterfaceOrientations_iPad = "UIInterfaceOrientationPortrait UIInterfaceOrientationPortraitUpsideDown UIInterfaceOrientationLandscapeLeft UIInterfaceOrientationLandscapeRight";
				INFOPLIST_KEY_UISupportedInterfaceOrientations_iPhone = "UIInterfaceOrientationPortrait UIInterfaceOrientationLandscapeLeft UIInterfaceOrientationLandscapeRight";
				LD_RUNPATH_SEARCH_PATHS = (
					"$(inherited)",
					"@executable_path/Frameworks",
				);
				MARKETING_VERSION = 1.0;
				PRODUCT_BUNDLE_IDENTIFIER = "mugit.TodoApp-CoreData";
				PRODUCT_NAME = "$(TARGET_NAME)";
				SWIFT_EMIT_LOC_STRINGS = YES;
				SWIFT_VERSION = 5.0;
				TARGETED_DEVICE_FAMILY = "1,2";
			};
			name = Release;
		};
		C11DDC702A4BBF17005E7288 /* Debug */ = {
			isa = XCBuildConfiguration;
			buildSettings = {
				ALWAYS_EMBED_SWIFT_STANDARD_LIBRARIES = YES;
				BUNDLE_LOADER = "$(TEST_HOST)";
				CODE_SIGN_STYLE = Automatic;
				CURRENT_PROJECT_VERSION = 1;
				GENERATE_INFOPLIST_FILE = YES;
				IPHONEOS_DEPLOYMENT_TARGET = 16.4;
				MARKETING_VERSION = 1.0;
				PRODUCT_BUNDLE_IDENTIFIER = "mugit.TodoApp-CoreDataTests";
				PRODUCT_NAME = "$(TARGET_NAME)";
				SWIFT_EMIT_LOC_STRINGS = NO;
				SWIFT_VERSION = 5.0;
				TARGETED_DEVICE_FAMILY = "1,2";
				TEST_HOST = "$(BUILT_PRODUCTS_DIR)/TodoApp_CoreData.app/$(BUNDLE_EXECUTABLE_FOLDER_PATH)/TodoApp_CoreData";
			};
			name = Debug;
		};
		C11DDC712A4BBF17005E7288 /* Release */ = {
			isa = XCBuildConfiguration;
			buildSettings = {
				ALWAYS_EMBED_SWIFT_STANDARD_LIBRARIES = YES;
				BUNDLE_LOADER = "$(TEST_HOST)";
				CODE_SIGN_STYLE = Automatic;
				CURRENT_PROJECT_VERSION = 1;
				GENERATE_INFOPLIST_FILE = YES;
				IPHONEOS_DEPLOYMENT_TARGET = 16.4;
				MARKETING_VERSION = 1.0;
				PRODUCT_BUNDLE_IDENTIFIER = "mugit.TodoApp-CoreDataTests";
				PRODUCT_NAME = "$(TARGET_NAME)";
				SWIFT_EMIT_LOC_STRINGS = NO;
				SWIFT_VERSION = 5.0;
				TARGETED_DEVICE_FAMILY = "1,2";
				TEST_HOST = "$(BUILT_PRODUCTS_DIR)/TodoApp_CoreData.app/$(BUNDLE_EXECUTABLE_FOLDER_PATH)/TodoApp_CoreData";
			};
			name = Release;
		};
		C11DDC732A4BBF17005E7288 /* Debug */ = {
			isa = XCBuildConfiguration;
			buildSettings = {
				ALWAYS_EMBED_SWIFT_STANDARD_LIBRARIES = YES;
				CODE_SIGN_STYLE = Automatic;
				CURRENT_PROJECT_VERSION = 1;
				GENERATE_INFOPLIST_FILE = YES;
				MARKETING_VERSION = 1.0;
				PRODUCT_BUNDLE_IDENTIFIER = "mugit.TodoApp-CoreDataUITests";
				PRODUCT_NAME = "$(TARGET_NAME)";
				SWIFT_EMIT_LOC_STRINGS = NO;
				SWIFT_VERSION = 5.0;
				TARGETED_DEVICE_FAMILY = "1,2";
				TEST_TARGET_NAME = TodoApp_CoreData;
			};
			name = Debug;
		};
		C11DDC742A4BBF17005E7288 /* Release */ = {
			isa = XCBuildConfiguration;
			buildSettings = {
				ALWAYS_EMBED_SWIFT_STANDARD_LIBRARIES = YES;
				CODE_SIGN_STYLE = Automatic;
				CURRENT_PROJECT_VERSION = 1;
				GENERATE_INFOPLIST_FILE = YES;
				MARKETING_VERSION = 1.0;
				PRODUCT_BUNDLE_IDENTIFIER = "mugit.TodoApp-CoreDataUITests";
				PRODUCT_NAME = "$(TARGET_NAME)";
				SWIFT_EMIT_LOC_STRINGS = NO;
				SWIFT_VERSION = 5.0;
				TARGETED_DEVICE_FAMILY = "1,2";
				TEST_TARGET_NAME = TodoApp_CoreData;
			};
			name = Release;
		};
/* End XCBuildConfiguration section */

/* Begin XCConfigurationList section */
		C11DDC3A2A4BBF14005E7288 /* Build configuration list for PBXProject "TodoApp_CoreData" */ = {
			isa = XCConfigurationList;
			buildConfigurations = (
				C11DDC6A2A4BBF17005E7288 /* Debug */,
				C11DDC6B2A4BBF17005E7288 /* Release */,
			);
			defaultConfigurationIsVisible = 0;
			defaultConfigurationName = Release;
		};
		C11DDC6C2A4BBF17005E7288 /* Build configuration list for PBXNativeTarget "TodoApp_CoreData" */ = {
			isa = XCConfigurationList;
			buildConfigurations = (
				C11DDC6D2A4BBF17005E7288 /* Debug */,
				C11DDC6E2A4BBF17005E7288 /* Release */,
			);
			defaultConfigurationIsVisible = 0;
			defaultConfigurationName = Release;
		};
		C11DDC6F2A4BBF17005E7288 /* Build configuration list for PBXNativeTarget "TodoApp_CoreDataTests" */ = {
			isa = XCConfigurationList;
			buildConfigurations = (
				C11DDC702A4BBF17005E7288 /* Debug */,
				C11DDC712A4BBF17005E7288 /* Release */,
			);
			defaultConfigurationIsVisible = 0;
			defaultConfigurationName = Release;
		};
		C11DDC722A4BBF17005E7288 /* Build configuration list for PBXNativeTarget "TodoApp_CoreDataUITests" */ = {
			isa = XCConfigurationList;
			buildConfigurations = (
				C11DDC732A4BBF17005E7288 /* Debug */,
				C11DDC742A4BBF17005E7288 /* Release */,
			);
			defaultConfigurationIsVisible = 0;
			defaultConfigurationName = Release;
		};
/* End XCConfigurationList section */

/* Begin XCVersionGroup section */
		C11DDC4B2A4BBF14005E7288 /* TodoApp_CoreData.xcdatamodeld */ = {
			isa = XCVersionGroup;
			children = (
				C11DDC4C2A4BBF14005E7288 /* TodoApp_CoreData.xcdatamodel */,
			);
			currentVersion = C11DDC4C2A4BBF14005E7288 /* TodoApp_CoreData.xcdatamodel */;
			path = TodoApp_CoreData.xcdatamodeld;
			sourceTree = "<group>";
			versionGroupType = wrapper.xcdatamodel;
		};
/* End XCVersionGroup section */
	};
	rootObject = C11DDC372A4BBF14005E7288 /* Project object */;
}
